
Microsoft Visual Studio Solution File, Format Version 12.00
# Visual Studio Version 16
VisualStudioVersion = 16.0.29613.14
MinimumVisualStudioVersion = 10.0.40219.1
Project("{FAE04EC0-301F-11D3-BF4B-00C04F79EFBC}") = "CefSharp.Example", "CefSharp.Example\CefSharp.Example.csproj", "{A4394E7B-1155-43A6-989E-8AB72DDDC9E4}"
EndProject
Project("{2150E333-8FDC-42A3-9474-1A3956D46DE8}") = "Solution Items", "Solution Items", "{47D0DC8C-D707-4D8A-A578-7737AA9CE79B}"
	ProjectSection(SolutionItems) = preProject
		.editorconfig = .editorconfig
		appveyor.yml = appveyor.yml
		CefSharp.Native.props = CefSharp.Native.props
		CefSharp.props = CefSharp.props
		CONTRIBUTING.md = CONTRIBUTING.md
		ISSUE_TEMPLATE.md = ISSUE_TEMPLATE.md
		LICENSE = LICENSE
		README.md = README.md
	EndProjectSection
EndProject
Project("{FAE04EC0-301F-11D3-BF4B-00C04F79EFBC}") = "CefSharp.WinForms.Example", "CefSharp.WinForms.Example\CefSharp.WinForms.Example.csproj", "{C043FFF7-5F71-4FFC-989A-E09E18548589}"
EndProject
Project("{2150E333-8FDC-42A3-9474-1A3956D46DE8}") = "NuGet", "NuGet", "{A23AA466-1903-44F2-946D-25AD0500D56B}"
	ProjectSection(SolutionItems) = preProject
		NuGet\CefSharp.Common.nuspec = NuGet\CefSharp.Common.nuspec
		NuGet\CefSharp.Common.props = NuGet\CefSharp.Common.props
		NuGet\CefSharp.Common.targets = NuGet\CefSharp.Common.targets
		NuGet\CefSharp.OffScreen.nuspec = NuGet\CefSharp.OffScreen.nuspec
		NuGet\CefSharp.OffScreen.props = NuGet\CefSharp.OffScreen.props
		NuGet\CefSharp.WinForms.nuspec = NuGet\CefSharp.WinForms.nuspec
		NuGet\CefSharp.WinForms.props = NuGet\CefSharp.WinForms.props
		NuGet\CefSharp.Wpf.nuspec = NuGet\CefSharp.Wpf.nuspec
		NuGet\CefSharp.Wpf.props = NuGet\CefSharp.Wpf.props
		NuGet\Readme.txt = NuGet\Readme.txt
	EndProjectSection
EndProject
Project("{2150E333-8FDC-42A3-9474-1A3956D46DE8}") = "Build", "Build", "{9AD9C469-B121-47BB-9B9F-30D1B96B52B0}"
	ProjectSection(SolutionItems) = preProject
		build.ps1 = build.ps1
	EndProjectSection
EndProject
Global
	GlobalSection(SolutionConfigurationPlatforms) = preSolution
		Debug|Win32 = Debug|Win32
		Debug|x64 = Debug|x64
		Release|Win32 = Release|Win32
		Release|x64 = Release|x64
	EndGlobalSection
	GlobalSection(ProjectConfigurationPlatforms) = postSolution
		{A4394E7B-1155-43A6-989E-8AB72DDDC9E4}.Debug|Win32.ActiveCfg = Debug|x86
		{A4394E7B-1155-43A6-989E-8AB72DDDC9E4}.Debug|Win32.Build.0 = Debug|x86
		{A4394E7B-1155-43A6-989E-8AB72DDDC9E4}.Debug|x64.ActiveCfg = Debug|x64
		{A4394E7B-1155-43A6-989E-8AB72DDDC9E4}.Debug|x64.Build.0 = Debug|x64
		{A4394E7B-1155-43A6-989E-8AB72DDDC9E4}.Release|Win32.ActiveCfg = Release|x86
		{A4394E7B-1155-43A6-989E-8AB72DDDC9E4}.Release|Win32.Build.0 = Release|x86
		{A4394E7B-1155-43A6-989E-8AB72DDDC9E4}.Release|x64.ActiveCfg = Release|x64
		{A4394E7B-1155-43A6-989E-8AB72DDDC9E4}.Release|x64.Build.0 = Release|x64
		{C043FFF7-5F71-4FFC-989A-E09E18548589}.Debug|Win32.ActiveCfg = Debug|x86
		{C043FFF7-5F71-4FFC-989A-E09E18548589}.Debug|Win32.Build.0 = Debug|x86
		{C043FFF7-5F71-4FFC-989A-E09E18548589}.Debug|x64.ActiveCfg = Debug|x64
		{C043FFF7-5F71-4FFC-989A-E09E18548589}.Debug|x64.Build.0 = Debug|x64
		{C043FFF7-5F71-4FFC-989A-E09E18548589}.Release|Win32.ActiveCfg = Release|x86
		{C043FFF7-5F71-4FFC-989A-E09E18548589}.Release|Win32.Build.0 = Release|x86
		{C043FFF7-5F71-4FFC-989A-E09E18548589}.Release|x64.ActiveCfg = Release|x64
		{C043FFF7-5F71-4FFC-989A-E09E18548589}.Release|x64.Build.0 = Release|x64
	EndGlobalSection
	GlobalSection(SolutionProperties) = preSolution
		HideSolutionNode = FALSE
	EndGlobalSection
	GlobalSection(NestedProjects) = preSolution
		{A23AA466-1903-44F2-946D-25AD0500D56B} = {47D0DC8C-D707-4D8A-A578-7737AA9CE79B}
		{9AD9C469-B121-47BB-9B9F-30D1B96B52B0} = {47D0DC8C-D707-4D8A-A578-7737AA9CE79B}
	EndGlobalSection
	GlobalSection(ExtensibilityGlobals) = postSolution
		SolutionGuid = {E667E2F4-BFCF-4187-A0E7-69883146951D}
	EndGlobalSection
EndGlobal
